
Microsoft Visual Studio Solution File, Format Version 12.00
# Visual Studio Version 17
VisualStudioVersion = 17.6.33723.286
MinimumVisualStudioVersion = 10.0.40219.1
Project("{8BC9CEB8-8B4A-11D0-8D11-00A0C91BC942}") = "1번문제", "C\C.vcxproj", "{392C41E0-956C-47D8-9E43-9466422EF3E6}"
EndProject
Project("{8BC9CEB8-8B4A-11D0-8D11-00A0C91BC942}") = "2번문제", "2번문제\2번문제.vcxproj", "{8338D406-23E2-49A7-8C02-32841F07D055}"
EndProject
Project("{8BC9CEB8-8B4A-11D0-8D11-00A0C91BC942}") = "3번문제", "3번문제\3번문제.vcxproj", "{F1877CF7-E0D9-4D38-9DF5-4C928A940E7D}"
EndProject
Project("{8BC9CEB8-8B4A-11D0-8D11-00A0C91BC942}") = "4번문제", "4번문제\4번문제.vcxproj", "{233B1CB8-2961-4EA4-BD56-5F6F87E1DC91}"
EndProject
Project("{8BC9CEB8-8B4A-11D0-8D11-00A0C91BC942}") = "5번문제", "5번문제\5번문제.vcxproj", "{D9403A63-D7AC-4AD6-9E25-4A7FF9B7FCC0}"
EndProject
Project("{8BC9CEB8-8B4A-11D0-8D11-00A0C91BC942}") = "6번문제", "6번문제\6번문제.vcxproj", "{4949239C-1096-4CEA-ACD1-D8CBDDE82D55}"
EndProject
Project("{8BC9CEB8-8B4A-11D0-8D11-00A0C91BC942}") = "7번문제", "7번문제\7번문제.vcxproj", "{ADCDBBD4-4388-4244-9155-813D732CCB44}"
EndProject
Project("{8BC9CEB8-8B4A-11D0-8D11-00A0C91BC942}") = "8번문제", "8번문제\8번문제.vcxproj", "{C3DA1F56-C9EC-4094-9C4D-5D2D1094FF7F}"
EndProject
Project("{8BC9CEB8-8B4A-11D0-8D11-00A0C91BC942}") = "9번문제", "9번문제\9번문제.vcxproj", "{DC6703C8-BDD2-4AE3-9329-0F00A4C2DFA0}"
EndProject
Project("{8BC9CEB8-8B4A-11D0-8D11-00A0C91BC942}") = "10번문제", "10번문제\10번문제.vcxproj", "{A7D4BBE4-056E-4DFA-B017-3B2268394470}"
EndProject
Project("{2150E333-8FDC-42A3-9474-1A3956D46DE8}") = "5장", "5장", "{BD7B17B2-573F-43B7-85F4-FC74FCB6A1EE}"
EndProject
Project("{2150E333-8FDC-42A3-9474-1A3956D46DE8}") = "6장", "6장", "{8D13A442-797B-4F13-AFF5-D723158E7550}"
EndProject
Project("{8BC9CEB8-8B4A-11D0-8D11-00A0C91BC942}") = "6장_1번문제", "1번문제\1번문제.vcxproj", "{00E5FCB6-E677-453C-AD37-B5A5D72B01FA}"
EndProject
Project("{8BC9CEB8-8B4A-11D0-8D11-00A0C91BC942}") = "6장_2번문제", "6장_2번문제\6장_2번문제.vcxproj", "{1AC6BD78-12A2-4D06-8610-190DF1470232}"
EndProject
Project("{8BC9CEB8-8B4A-11D0-8D11-00A0C91BC942}") = "6장_3번문제", "6장_3번문제\6장_3번문제.vcxproj", "{4D405F10-9EE9-4A47-BD9D-1731E3D1B6E8}"
EndProject
Project("{8BC9CEB8-8B4A-11D0-8D11-00A0C91BC942}") = "6장_4번문제", "6장_4번문제\6장_4번문제.vcxproj", "{0DA70EC0-9FF3-4A25-85FE-BBCD1B229F15}"
EndProject
Project("{8BC9CEB8-8B4A-11D0-8D11-00A0C91BC942}") = "6장_5번문제", "6장_5번문제\6장_5번문제.vcxproj", "{8B377A12-5FB1-4E2B-A56D-24E5F450C5D9}"
EndProject
Project("{8BC9CEB8-8B4A-11D0-8D11-00A0C91BC942}") = "6장_6번문제", "6장_6번문제\6장_6번문제.vcxproj", "{10B818A3-982B-4F5A-80E3-98212B5E87E7}"
EndProject
Project("{8BC9CEB8-8B4A-11D0-8D11-00A0C91BC942}") = "6장_7번문제", "6장_7번문제\6장_7번문제.vcxproj", "{524E0A8C-8155-471F-A98A-FCC69A763281}"
EndProject
Project("{8BC9CEB8-8B4A-11D0-8D11-00A0C91BC942}") = "6장_8번문제", "6장_8번문제\6장_8번문제.vcxproj", "{9DE5F669-5D6B-4B83-983F-22201682E02E}"
EndProject
Project("{8BC9CEB8-8B4A-11D0-8D11-00A0C91BC942}") = "6장_9번문제", "6장_9번문제\6장_9번문제.vcxproj", "{7FC35B49-4EB9-4A57-BEF1-8FB425809284}"
EndProject
Project("{2150E333-8FDC-42A3-9474-1A3956D46DE8}") = "7장", "7장", "{EBB7BE8C-5A13-4502-8137-73C419F8D7BC}"
EndProject
Project("{8BC9CEB8-8B4A-11D0-8D11-00A0C91BC942}") = "7장_1,2,3,4번문제", "7장_1번문제\7장_1번문제.vcxproj", "{7E19A306-9E76-4A83-9744-57752DCFFFD1}"
EndProject
Project("{8BC9CEB8-8B4A-11D0-8D11-00A0C91BC942}") = "7장_예제", "7장_예제\7장_예제.vcxproj", "{E471A4B2-959D-425E-BF95-4B7E33914864}"
EndProject
Project("{8BC9CEB8-8B4A-11D0-8D11-00A0C91BC942}") = "7장_5번문제", "Project1\Project1.vcxproj", "{E91777DE-8F52-4C60-A553-963D21FDCE8E}"
EndProject
Project("{8BC9CEB8-8B4A-11D0-8D11-00A0C91BC942}") = "7장_6번문제", "7장_6번문제\7장_6번문제.vcxproj", "{D91716B9-F6D2-48D6-9868-B998EEB78A7C}"
EndProject
Project("{8BC9CEB8-8B4A-11D0-8D11-00A0C91BC942}") = "7장_7번문제", "7장_7번문제\7장_7번문제.vcxproj", "{8A6EC499-558B-4A43-93F3-9E09A23D4DE0}"
EndProject
Project("{8BC9CEB8-8B4A-11D0-8D11-00A0C91BC942}") = "7장_8번문제", "7장_8번문제\7장_8번문제.vcxproj", "{2F8A7613-BBF2-42AA-A20F-2695FEA02762}"
EndProject
Project("{8BC9CEB8-8B4A-11D0-8D11-00A0C91BC942}") = "7장-9번문제", "7장-9번문제\7장-9번문제.vcxproj", "{6C32E082-0A85-46E0-AF39-1A395032ECA7}"
EndProject
Project("{8BC9CEB8-8B4A-11D0-8D11-00A0C91BC942}") = "7장-10번문제", "7장-10번문제\7장-10번문제.vcxproj", "{B4CF1AFC-86BA-4DD5-AB0E-083C07F4DA0F}"
EndProject
Project("{8BC9CEB8-8B4A-11D0-8D11-00A0C91BC942}") = "7장-11번문제", "7장-11번문제\7장-11번문제.vcxproj", "{DD2F27BF-672B-4BC8-9441-0A004BAE7F58}"
EndProject
Global
	GlobalSection(SolutionConfigurationPlatforms) = preSolution
		Debug|x64 = Debug|x64
		Debug|x86 = Debug|x86
		Release|x64 = Release|x64
		Release|x86 = Release|x86
	EndGlobalSection
	GlobalSection(ProjectConfigurationPlatforms) = postSolution
		{392C41E0-956C-47D8-9E43-9466422EF3E6}.Debug|x64.ActiveCfg = Debug|x64
		{392C41E0-956C-47D8-9E43-9466422EF3E6}.Debug|x64.Build.0 = Debug|x64
		{392C41E0-956C-47D8-9E43-9466422EF3E6}.Debug|x86.ActiveCfg = Debug|Win32
		{392C41E0-956C-47D8-9E43-9466422EF3E6}.Debug|x86.Build.0 = Debug|Win32
		{392C41E0-956C-47D8-9E43-9466422EF3E6}.Release|x64.ActiveCfg = Release|x64
		{392C41E0-956C-47D8-9E43-9466422EF3E6}.Release|x64.Build.0 = Release|x64
		{392C41E0-956C-47D8-9E43-9466422EF3E6}.Release|x86.ActiveCfg = Release|Win32
		{392C41E0-956C-47D8-9E43-9466422EF3E6}.Release|x86.Build.0 = Release|Win32
		{8338D406-23E2-49A7-8C02-32841F07D055}.Debug|x64.ActiveCfg = Debug|x64
		{8338D406-23E2-49A7-8C02-32841F07D055}.Debug|x64.Build.0 = Debug|x64
		{8338D406-23E2-49A7-8C02-32841F07D055}.Debug|x86.ActiveCfg = Debug|Win32
		{8338D406-23E2-49A7-8C02-32841F07D055}.Debug|x86.Build.0 = Debug|Win32
		{8338D406-23E2-49A7-8C02-32841F07D055}.Release|x64.ActiveCfg = Release|x64
		{8338D406-23E2-49A7-8C02-32841F07D055}.Release|x64.Build.0 = Release|x64
		{8338D406-23E2-49A7-8C02-32841F07D055}.Release|x86.ActiveCfg = Release|Win32
		{8338D406-23E2-49A7-8C02-32841F07D055}.Release|x86.Build.0 = Release|Win32
		{F1877CF7-E0D9-4D38-9DF5-4C928A940E7D}.Debug|x64.ActiveCfg = Debug|x64
		{F1877CF7-E0D9-4D38-9DF5-4C928A940E7D}.Debug|x64.Build.0 = Debug|x64
		{F1877CF7-E0D9-4D38-9DF5-4C928A940E7D}.Debug|x86.ActiveCfg = Debug|Win32
		{F1877CF7-E0D9-4D38-9DF5-4C928A940E7D}.Debug|x86.Build.0 = Debug|Win32
		{F1877CF7-E0D9-4D38-9DF5-4C928A940E7D}.Release|x64.ActiveCfg = Release|x64
		{F1877CF7-E0D9-4D38-9DF5-4C928A940E7D}.Release|x64.Build.0 = Release|x64
		{F1877CF7-E0D9-4D38-9DF5-4C928A940E7D}.Release|x86.ActiveCfg = Release|Win32
		{F1877CF7-E0D9-4D38-9DF5-4C928A940E7D}.Release|x86.Build.0 = Release|Win32
		{233B1CB8-2961-4EA4-BD56-5F6F87E1DC91}.Debug|x64.ActiveCfg = Debug|x64
		{233B1CB8-2961-4EA4-BD56-5F6F87E1DC91}.Debug|x64.Build.0 = Debug|x64
		{233B1CB8-2961-4EA4-BD56-5F6F87E1DC91}.Debug|x86.ActiveCfg = Debug|Win32
		{233B1CB8-2961-4EA4-BD56-5F6F87E1DC91}.Debug|x86.Build.0 = Debug|Win32
		{233B1CB8-2961-4EA4-BD56-5F6F87E1DC91}.Release|x64.ActiveCfg = Release|x64
		{233B1CB8-2961-4EA4-BD56-5F6F87E1DC91}.Release|x64.Build.0 = Release|x64
		{233B1CB8-2961-4EA4-BD56-5F6F87E1DC91}.Release|x86.ActiveCfg = Release|Win32
		{233B1CB8-2961-4EA4-BD56-5F6F87E1DC91}.Release|x86.Build.0 = Release|Win32
		{D9403A63-D7AC-4AD6-9E25-4A7FF9B7FCC0}.Debug|x64.ActiveCfg = Debug|x64
		{D9403A63-D7AC-4AD6-9E25-4A7FF9B7FCC0}.Debug|x64.Build.0 = Debug|x64
		{D9403A63-D7AC-4AD6-9E25-4A7FF9B7FCC0}.Debug|x86.ActiveCfg = Debug|Win32
		{D9403A63-D7AC-4AD6-9E25-4A7FF9B7FCC0}.Debug|x86.Build.0 = Debug|Win32
		{D9403A63-D7AC-4AD6-9E25-4A7FF9B7FCC0}.Release|x64.ActiveCfg = Release|x64
		{D9403A63-D7AC-4AD6-9E25-4A7FF9B7FCC0}.Release|x64.Build.0 = Release|x64
		{D9403A63-D7AC-4AD6-9E25-4A7FF9B7FCC0}.Release|x86.ActiveCfg = Release|Win32
		{D9403A63-D7AC-4AD6-9E25-4A7FF9B7FCC0}.Release|x86.Build.0 = Release|Win32
		{4949239C-1096-4CEA-ACD1-D8CBDDE82D55}.Debug|x64.ActiveCfg = Debug|x64
		{4949239C-1096-4CEA-ACD1-D8CBDDE82D55}.Debug|x64.Build.0 = Debug|x64
		{4949239C-1096-4CEA-ACD1-D8CBDDE82D55}.Debug|x86.ActiveCfg = Debug|Win32
		{4949239C-1096-4CEA-ACD1-D8CBDDE82D55}.Debug|x86.Build.0 = Debug|Win32
		{4949239C-1096-4CEA-ACD1-D8CBDDE82D55}.Release|x64.ActiveCfg = Release|x64
		{4949239C-1096-4CEA-ACD1-D8CBDDE82D55}.Release|x64.Build.0 = Release|x64
		{4949239C-1096-4CEA-ACD1-D8CBDDE82D55}.Release|x86.ActiveCfg = Release|Win32
		{4949239C-1096-4CEA-ACD1-D8CBDDE82D55}.Release|x86.Build.0 = Release|Win32
		{ADCDBBD4-4388-4244-9155-813D732CCB44}.Debug|x64.ActiveCfg = Debug|x64
		{ADCDBBD4-4388-4244-9155-813D732CCB44}.Debug|x64.Build.0 = Debug|x64
		{ADCDBBD4-4388-4244-9155-813D732CCB44}.Debug|x86.ActiveCfg = Debug|Win32
		{ADCDBBD4-4388-4244-9155-813D732CCB44}.Debug|x86.Build.0 = Debug|Win32
		{ADCDBBD4-4388-4244-9155-813D732CCB44}.Release|x64.ActiveCfg = Release|x64
		{ADCDBBD4-4388-4244-9155-813D732CCB44}.Release|x64.Build.0 = Release|x64
		{ADCDBBD4-4388-4244-9155-813D732CCB44}.Release|x86.ActiveCfg = Release|Win32
		{ADCDBBD4-4388-4244-9155-813D732CCB44}.Release|x86.Build.0 = Release|Win32
		{C3DA1F56-C9EC-4094-9C4D-5D2D1094FF7F}.Debug|x64.ActiveCfg = Debug|x64
		{C3DA1F56-C9EC-4094-9C4D-5D2D1094FF7F}.Debug|x64.Build.0 = Debug|x64
		{C3DA1F56-C9EC-4094-9C4D-5D2D1094FF7F}.Debug|x86.ActiveCfg = Debug|Win32
		{C3DA1F56-C9EC-4094-9C4D-5D2D1094FF7F}.Debug|x86.Build.0 = Debug|Win32
		{C3DA1F56-C9EC-4094-9C4D-5D2D1094FF7F}.Release|x64.ActiveCfg = Release|x64
		{C3DA1F56-C9EC-4094-9C4D-5D2D1094FF7F}.Release|x64.Build.0 = Release|x64
		{C3DA1F56-C9EC-4094-9C4D-5D2D1094FF7F}.Release|x86.ActiveCfg = Release|Win32
		{C3DA1F56-C9EC-4094-9C4D-5D2D1094FF7F}.Release|x86.Build.0 = Release|Win32
		{DC6703C8-BDD2-4AE3-9329-0F00A4C2DFA0}.Debug|x64.ActiveCfg = Debug|x64
		{DC6703C8-BDD2-4AE3-9329-0F00A4C2DFA0}.Debug|x64.Build.0 = Debug|x64
		{DC6703C8-BDD2-4AE3-9329-0F00A4C2DFA0}.Debug|x86.ActiveCfg = Debug|Win32
		{DC6703C8-BDD2-4AE3-9329-0F00A4C2DFA0}.Debug|x86.Build.0 = Debug|Win32
		{DC6703C8-BDD2-4AE3-9329-0F00A4C2DFA0}.Release|x64.ActiveCfg = Release|x64
		{DC6703C8-BDD2-4AE3-9329-0F00A4C2DFA0}.Release|x64.Build.0 = Release|x64
		{DC6703C8-BDD2-4AE3-9329-0F00A4C2DFA0}.Release|x86.ActiveCfg = Release|Win32
		{DC6703C8-BDD2-4AE3-9329-0F00A4C2DFA0}.Release|x86.Build.0 = Release|Win32
		{A7D4BBE4-056E-4DFA-B017-3B2268394470}.Debug|x64.ActiveCfg = Debug|x64
		{A7D4BBE4-056E-4DFA-B017-3B2268394470}.Debug|x64.Build.0 = Debug|x64
		{A7D4BBE4-056E-4DFA-B017-3B2268394470}.Debug|x86.ActiveCfg = Debug|Win32
		{A7D4BBE4-056E-4DFA-B017-3B2268394470}.Debug|x86.Build.0 = Debug|Win32
		{A7D4BBE4-056E-4DFA-B017-3B2268394470}.Release|x64.ActiveCfg = Release|x64
		{A7D4BBE4-056E-4DFA-B017-3B2268394470}.Release|x64.Build.0 = Release|x64
		{A7D4BBE4-056E-4DFA-B017-3B2268394470}.Release|x86.ActiveCfg = Release|Win32
		{A7D4BBE4-056E-4DFA-B017-3B2268394470}.Release|x86.Build.0 = Release|Win32
		{00E5FCB6-E677-453C-AD37-B5A5D72B01FA}.Debug|x64.ActiveCfg = Debug|x64
		{00E5FCB6-E677-453C-AD37-B5A5D72B01FA}.Debug|x64.Build.0 = Debug|x64
		{00E5FCB6-E677-453C-AD37-B5A5D72B01FA}.Debug|x86.ActiveCfg = Debug|Win32
		{00E5FCB6-E677-453C-AD37-B5A5D72B01FA}.Debug|x86.Build.0 = Debug|Win32
		{00E5FCB6-E677-453C-AD37-B5A5D72B01FA}.Release|x64.ActiveCfg = Release|x64
		{00E5FCB6-E677-453C-AD37-B5A5D72B01FA}.Release|x64.Build.0 = Release|x64
		{00E5FCB6-E677-453C-AD37-B5A5D72B01FA}.Release|x86.ActiveCfg = Release|Win32
		{00E5FCB6-E677-453C-AD37-B5A5D72B01FA}.Release|x86.Build.0 = Release|Win32
		{1AC6BD78-12A2-4D06-8610-190DF1470232}.Debug|x64.ActiveCfg = Debug|x64
		{1AC6BD78-12A2-4D06-8610-190DF1470232}.Debug|x64.Build.0 = Debug|x64
		{1AC6BD78-12A2-4D06-8610-190DF1470232}.Debug|x86.ActiveCfg = Debug|Win32
		{1AC6BD78-12A2-4D06-8610-190DF1470232}.Debug|x86.Build.0 = Debug|Win32
		{1AC6BD78-12A2-4D06-8610-190DF1470232}.Release|x64.ActiveCfg = Release|x64
		{1AC6BD78-12A2-4D06-8610-190DF1470232}.Release|x64.Build.0 = Release|x64
		{1AC6BD78-12A2-4D06-8610-190DF1470232}.Release|x86.ActiveCfg = Release|Win32
		{1AC6BD78-12A2-4D06-8610-190DF1470232}.Release|x86.Build.0 = Release|Win32
		{4D405F10-9EE9-4A47-BD9D-1731E3D1B6E8}.Debug|x64.ActiveCfg = Debug|x64
		{4D405F10-9EE9-4A47-BD9D-1731E3D1B6E8}.Debug|x64.Build.0 = Debug|x64
		{4D405F10-9EE9-4A47-BD9D-1731E3D1B6E8}.Debug|x86.ActiveCfg = Debug|Win32
		{4D405F10-9EE9-4A47-BD9D-1731E3D1B6E8}.Debug|x86.Build.0 = Debug|Win32
		{4D405F10-9EE9-4A47-BD9D-1731E3D1B6E8}.Release|x64.ActiveCfg = Release|x64
		{4D405F10-9EE9-4A47-BD9D-1731E3D1B6E8}.Release|x64.Build.0 = Release|x64
		{4D405F10-9EE9-4A47-BD9D-1731E3D1B6E8}.Release|x86.ActiveCfg = Release|Win32
		{4D405F10-9EE9-4A47-BD9D-1731E3D1B6E8}.Release|x86.Build.0 = Release|Win32
		{0DA70EC0-9FF3-4A25-85FE-BBCD1B229F15}.Debug|x64.ActiveCfg = Debug|x64
		{0DA70EC0-9FF3-4A25-85FE-BBCD1B229F15}.Debug|x64.Build.0 = Debug|x64
		{0DA70EC0-9FF3-4A25-85FE-BBCD1B229F15}.Debug|x86.ActiveCfg = Debug|Win32
		{0DA70EC0-9FF3-4A25-85FE-BBCD1B229F15}.Debug|x86.Build.0 = Debug|Win32
		{0DA70EC0-9FF3-4A25-85FE-BBCD1B229F15}.Release|x64.ActiveCfg = Release|x64
		{0DA70EC0-9FF3-4A25-85FE-BBCD1B229F15}.Release|x64.Build.0 = Release|x64
		{0DA70EC0-9FF3-4A25-85FE-BBCD1B229F15}.Release|x86.ActiveCfg = Release|Win32
		{0DA70EC0-9FF3-4A25-85FE-BBCD1B229F15}.Release|x86.Build.0 = Release|Win32
		{8B377A12-5FB1-4E2B-A56D-24E5F450C5D9}.Debug|x64.ActiveCfg = Debug|x64
		{8B377A12-5FB1-4E2B-A56D-24E5F450C5D9}.Debug|x64.Build.0 = Debug|x64
		{8B377A12-5FB1-4E2B-A56D-24E5F450C5D9}.Debug|x86.ActiveCfg = Debug|Win32
		{8B377A12-5FB1-4E2B-A56D-24E5F450C5D9}.Debug|x86.Build.0 = Debug|Win32
		{8B377A12-5FB1-4E2B-A56D-24E5F450C5D9}.Release|x64.ActiveCfg = Release|x64
		{8B377A12-5FB1-4E2B-A56D-24E5F450C5D9}.Release|x64.Build.0 = Release|x64
		{8B377A12-5FB1-4E2B-A56D-24E5F450C5D9}.Release|x86.ActiveCfg = Release|Win32
		{8B377A12-5FB1-4E2B-A56D-24E5F450C5D9}.Release|x86.Build.0 = Release|Win32
		{10B818A3-982B-4F5A-80E3-98212B5E87E7}.Debug|x64.ActiveCfg = Debug|x64
		{10B818A3-982B-4F5A-80E3-98212B5E87E7}.Debug|x64.Build.0 = Debug|x64
		{10B818A3-982B-4F5A-80E3-98212B5E87E7}.Debug|x86.ActiveCfg = Debug|Win32
		{10B818A3-982B-4F5A-80E3-98212B5E87E7}.Debug|x86.Build.0 = Debug|Win32
		{10B818A3-982B-4F5A-80E3-98212B5E87E7}.Release|x64.ActiveCfg = Release|x64
		{10B818A3-982B-4F5A-80E3-98212B5E87E7}.Release|x64.Build.0 = Release|x64
		{10B818A3-982B-4F5A-80E3-98212B5E87E7}.Release|x86.ActiveCfg = Release|Win32
		{10B818A3-982B-4F5A-80E3-98212B5E87E7}.Release|x86.Build.0 = Release|Win32
		{524E0A8C-8155-471F-A98A-FCC69A763281}.Debug|x64.ActiveCfg = Debug|x64
		{524E0A8C-8155-471F-A98A-FCC69A763281}.Debug|x64.Build.0 = Debug|x64
		{524E0A8C-8155-471F-A98A-FCC69A763281}.Debug|x86.ActiveCfg = Debug|Win32
		{524E0A8C-8155-471F-A98A-FCC69A763281}.Debug|x86.Build.0 = Debug|Win32
		{524E0A8C-8155-471F-A98A-FCC69A763281}.Release|x64.ActiveCfg = Release|x64
		{524E0A8C-8155-471F-A98A-FCC69A763281}.Release|x64.Build.0 = Release|x64
		{524E0A8C-8155-471F-A98A-FCC69A763281}.Release|x86.ActiveCfg = Release|Win32
		{524E0A8C-8155-471F-A98A-FCC69A763281}.Release|x86.Build.0 = Release|Win32
		{9DE5F669-5D6B-4B83-983F-22201682E02E}.Debug|x64.ActiveCfg = Debug|x64
		{9DE5F669-5D6B-4B83-983F-22201682E02E}.Debug|x64.Build.0 = Debug|x64
		{9DE5F669-5D6B-4B83-983F-22201682E02E}.Debug|x86.ActiveCfg = Debug|Win32
		{9DE5F669-5D6B-4B83-983F-22201682E02E}.Debug|x86.Build.0 = Debug|Win32
		{9DE5F669-5D6B-4B83-983F-22201682E02E}.Release|x64.ActiveCfg = Release|x64
		{9DE5F669-5D6B-4B83-983F-22201682E02E}.Release|x64.Build.0 = Release|x64
		{9DE5F669-5D6B-4B83-983F-22201682E02E}.Release|x86.ActiveCfg = Release|Win32
		{9DE5F669-5D6B-4B83-983F-22201682E02E}.Release|x86.Build.0 = Release|Win32
		{7FC35B49-4EB9-4A57-BEF1-8FB425809284}.Debug|x64.ActiveCfg = Debug|x64
		{7FC35B49-4EB9-4A57-BEF1-8FB425809284}.Debug|x64.Build.0 = Debug|x64
		{7FC35B49-4EB9-4A57-BEF1-8FB425809284}.Debug|x86.ActiveCfg = Debug|Win32
		{7FC35B49-4EB9-4A57-BEF1-8FB425809284}.Debug|x86.Build.0 = Debug|Win32
		{7FC35B49-4EB9-4A57-BEF1-8FB425809284}.Release|x64.ActiveCfg = Release|x64
		{7FC35B49-4EB9-4A57-BEF1-8FB425809284}.Release|x64.Build.0 = Release|x64
		{7FC35B49-4EB9-4A57-BEF1-8FB425809284}.Release|x86.ActiveCfg = Release|Win32
		{7FC35B49-4EB9-4A57-BEF1-8FB425809284}.Release|x86.Build.0 = Release|Win32
		{7E19A306-9E76-4A83-9744-57752DCFFFD1}.Debug|x64.ActiveCfg = Debug|x64
		{7E19A306-9E76-4A83-9744-57752DCFFFD1}.Debug|x64.Build.0 = Debug|x64
		{7E19A306-9E76-4A83-9744-57752DCFFFD1}.Debug|x86.ActiveCfg = Debug|Win32
		{7E19A306-9E76-4A83-9744-57752DCFFFD1}.Debug|x86.Build.0 = Debug|Win32
		{7E19A306-9E76-4A83-9744-57752DCFFFD1}.Release|x64.ActiveCfg = Release|x64
		{7E19A306-9E76-4A83-9744-57752DCFFFD1}.Release|x64.Build.0 = Release|x64
		{7E19A306-9E76-4A83-9744-57752DCFFFD1}.Release|x86.ActiveCfg = Release|Win32
		{7E19A306-9E76-4A83-9744-57752DCFFFD1}.Release|x86.Build.0 = Release|Win32
		{E471A4B2-959D-425E-BF95-4B7E33914864}.Debug|x64.ActiveCfg = Debug|x64
		{E471A4B2-959D-425E-BF95-4B7E33914864}.Debug|x64.Build.0 = Debug|x64
		{E471A4B2-959D-425E-BF95-4B7E33914864}.Debug|x86.ActiveCfg = Debug|Win32
		{E471A4B2-959D-425E-BF95-4B7E33914864}.Debug|x86.Build.0 = Debug|Win32
		{E471A4B2-959D-425E-BF95-4B7E33914864}.Release|x64.ActiveCfg = Release|x64
		{E471A4B2-959D-425E-BF95-4B7E33914864}.Release|x64.Build.0 = Release|x64
		{E471A4B2-959D-425E-BF95-4B7E33914864}.Release|x86.ActiveCfg = Release|Win32
		{E471A4B2-959D-425E-BF95-4B7E33914864}.Release|x86.Build.0 = Release|Win32
		{E91777DE-8F52-4C60-A553-963D21FDCE8E}.Debug|x64.ActiveCfg = Debug|x64
		{E91777DE-8F52-4C60-A553-963D21FDCE8E}.Debug|x64.Build.0 = Debug|x64
		{E91777DE-8F52-4C60-A553-963D21FDCE8E}.Debug|x86.ActiveCfg = Debug|Win32
		{E91777DE-8F52-4C60-A553-963D21FDCE8E}.Debug|x86.Build.0 = Debug|Win32
		{E91777DE-8F52-4C60-A553-963D21FDCE8E}.Release|x64.ActiveCfg = Release|x64
		{E91777DE-8F52-4C60-A553-963D21FDCE8E}.Release|x64.Build.0 = Release|x64
		{E91777DE-8F52-4C60-A553-963D21FDCE8E}.Release|x86.ActiveCfg = Release|Win32
		{E91777DE-8F52-4C60-A553-963D21FDCE8E}.Release|x86.Build.0 = Release|Win32
		{D91716B9-F6D2-48D6-9868-B998EEB78A7C}.Debug|x64.ActiveCfg = Debug|x64
		{D91716B9-F6D2-48D6-9868-B998EEB78A7C}.Debug|x64.Build.0 = Debug|x64
		{D91716B9-F6D2-48D6-9868-B998EEB78A7C}.Debug|x86.ActiveCfg = Debug|Win32
		{D91716B9-F6D2-48D6-9868-B998EEB78A7C}.Debug|x86.Build.0 = Debug|Win32
		{D91716B9-F6D2-48D6-9868-B998EEB78A7C}.Release|x64.ActiveCfg = Release|x64
		{D91716B9-F6D2-48D6-9868-B998EEB78A7C}.Release|x64.Build.0 = Release|x64
		{D91716B9-F6D2-48D6-9868-B998EEB78A7C}.Release|x86.ActiveCfg = Release|Win32
		{D91716B9-F6D2-48D6-9868-B998EEB78A7C}.Release|x86.Build.0 = Release|Win32
		{8A6EC499-558B-4A43-93F3-9E09A23D4DE0}.Debug|x64.ActiveCfg = Debug|x64
		{8A6EC499-558B-4A43-93F3-9E09A23D4DE0}.Debug|x64.Build.0 = Debug|x64
		{8A6EC499-558B-4A43-93F3-9E09A23D4DE0}.Debug|x86.ActiveCfg = Debug|Win32
		{8A6EC499-558B-4A43-93F3-9E09A23D4DE0}.Debug|x86.Build.0 = Debug|Win32
		{8A6EC499-558B-4A43-93F3-9E09A23D4DE0}.Release|x64.ActiveCfg = Release|x64
		{8A6EC499-558B-4A43-93F3-9E09A23D4DE0}.Release|x64.Build.0 = Release|x64
		{8A6EC499-558B-4A43-93F3-9E09A23D4DE0}.Release|x86.ActiveCfg = Release|Win32
		{8A6EC499-558B-4A43-93F3-9E09A23D4DE0}.Release|x86.Build.0 = Release|Win32
		{2F8A7613-BBF2-42AA-A20F-2695FEA02762}.Debug|x64.ActiveCfg = Debug|x64
		{2F8A7613-BBF2-42AA-A20F-2695FEA02762}.Debug|x64.Build.0 = Debug|x64
		{2F8A7613-BBF2-42AA-A20F-2695FEA02762}.Debug|x86.ActiveCfg = Debug|Win32
		{2F8A7613-BBF2-42AA-A20F-2695FEA02762}.Debug|x86.Build.0 = Debug|Win32
		{2F8A7613-BBF2-42AA-A20F-2695FEA02762}.Release|x64.ActiveCfg = Release|x64
		{2F8A7613-BBF2-42AA-A20F-2695FEA02762}.Release|x64.Build.0 = Release|x64
		{2F8A7613-BBF2-42AA-A20F-2695FEA02762}.Release|x86.ActiveCfg = Release|Win32
		{2F8A7613-BBF2-42AA-A20F-2695FEA02762}.Release|x86.Build.0 = Release|Win32
		{6C32E082-0A85-46E0-AF39-1A395032ECA7}.Debug|x64.ActiveCfg = Debug|x64
		{6C32E082-0A85-46E0-AF39-1A395032ECA7}.Debug|x64.Build.0 = Debug|x64
		{6C32E082-0A85-46E0-AF39-1A395032ECA7}.Debug|x86.ActiveCfg = Debug|Win32
		{6C32E082-0A85-46E0-AF39-1A395032ECA7}.Debug|x86.Build.0 = Debug|Win32
		{6C32E082-0A85-46E0-AF39-1A395032ECA7}.Release|x64.ActiveCfg = Release|x64
		{6C32E082-0A85-46E0-AF39-1A395032ECA7}.Release|x64.Build.0 = Release|x64
		{6C32E082-0A85-46E0-AF39-1A395032ECA7}.Release|x86.ActiveCfg = Release|Win32
		{6C32E082-0A85-46E0-AF39-1A395032ECA7}.Release|x86.Build.0 = Release|Win32
		{B4CF1AFC-86BA-4DD5-AB0E-083C07F4DA0F}.Debug|x64.ActiveCfg = Debug|x64
		{B4CF1AFC-86BA-4DD5-AB0E-083C07F4DA0F}.Debug|x64.Build.0 = Debug|x64
		{B4CF1AFC-86BA-4DD5-AB0E-083C07F4DA0F}.Debug|x86.ActiveCfg = Debug|Win32
		{B4CF1AFC-86BA-4DD5-AB0E-083C07F4DA0F}.Debug|x86.Build.0 = Debug|Win32
		{B4CF1AFC-86BA-4DD5-AB0E-083C07F4DA0F}.Release|x64.ActiveCfg = Release|x64
		{B4CF1AFC-86BA-4DD5-AB0E-083C07F4DA0F}.Release|x64.Build.0 = Release|x64
		{B4CF1AFC-86BA-4DD5-AB0E-083C07F4DA0F}.Release|x86.ActiveCfg = Release|Win32
		{B4CF1AFC-86BA-4DD5-AB0E-083C07F4DA0F}.Release|x86.Build.0 = Release|Win32
		{DD2F27BF-672B-4BC8-9441-0A004BAE7F58}.Debug|x64.ActiveCfg = Debug|x64
		{DD2F27BF-672B-4BC8-9441-0A004BAE7F58}.Debug|x64.Build.0 = Debug|x64
		{DD2F27BF-672B-4BC8-9441-0A004BAE7F58}.Debug|x86.ActiveCfg = Debug|Win32
		{DD2F27BF-672B-4BC8-9441-0A004BAE7F58}.Debug|x86.Build.0 = Debug|Win32
		{DD2F27BF-672B-4BC8-9441-0A004BAE7F58}.Release|x64.ActiveCfg = Release|x64
		{DD2F27BF-672B-4BC8-9441-0A004BAE7F58}.Release|x64.Build.0 = Release|x64
		{DD2F27BF-672B-4BC8-9441-0A004BAE7F58}.Release|x86.ActiveCfg = Release|Win32
		{DD2F27BF-672B-4BC8-9441-0A004BAE7F58}.Release|x86.Build.0 = Release|Win32
	EndGlobalSection
	GlobalSection(SolutionProperties) = preSolution
		HideSolutionNode = FALSE
	EndGlobalSection
	GlobalSection(NestedProjects) = preSolution
		{392C41E0-956C-47D8-9E43-9466422EF3E6} = {BD7B17B2-573F-43B7-85F4-FC74FCB6A1EE}
		{8338D406-23E2-49A7-8C02-32841F07D055} = {BD7B17B2-573F-43B7-85F4-FC74FCB6A1EE}
		{F1877CF7-E0D9-4D38-9DF5-4C928A940E7D} = {BD7B17B2-573F-43B7-85F4-FC74FCB6A1EE}
		{233B1CB8-2961-4EA4-BD56-5F6F87E1DC91} = {BD7B17B2-573F-43B7-85F4-FC74FCB6A1EE}
		{D9403A63-D7AC-4AD6-9E25-4A7FF9B7FCC0} = {BD7B17B2-573F-43B7-85F4-FC74FCB6A1EE}
		{4949239C-1096-4CEA-ACD1-D8CBDDE82D55} = {BD7B17B2-573F-43B7-85F4-FC74FCB6A1EE}
		{ADCDBBD4-4388-4244-9155-813D732CCB44} = {BD7B17B2-573F-43B7-85F4-FC74FCB6A1EE}
		{C3DA1F56-C9EC-4094-9C4D-5D2D1094FF7F} = {BD7B17B2-573F-43B7-85F4-FC74FCB6A1EE}
		{DC6703C8-BDD2-4AE3-9329-0F00A4C2DFA0} = {BD7B17B2-573F-43B7-85F4-FC74FCB6A1EE}
		{A7D4BBE4-056E-4DFA-B017-3B2268394470} = {BD7B17B2-573F-43B7-85F4-FC74FCB6A1EE}
		{00E5FCB6-E677-453C-AD37-B5A5D72B01FA} = {8D13A442-797B-4F13-AFF5-D723158E7550}
		{1AC6BD78-12A2-4D06-8610-190DF1470232} = {8D13A442-797B-4F13-AFF5-D723158E7550}
		{4D405F10-9EE9-4A47-BD9D-1731E3D1B6E8} = {8D13A442-797B-4F13-AFF5-D723158E7550}
		{0DA70EC0-9FF3-4A25-85FE-BBCD1B229F15} = {8D13A442-797B-4F13-AFF5-D723158E7550}
		{8B377A12-5FB1-4E2B-A56D-24E5F450C5D9} = {8D13A442-797B-4F13-AFF5-D723158E7550}
		{10B818A3-982B-4F5A-80E3-98212B5E87E7} = {8D13A442-797B-4F13-AFF5-D723158E7550}
		{524E0A8C-8155-471F-A98A-FCC69A763281} = {8D13A442-797B-4F13-AFF5-D723158E7550}
		{9DE5F669-5D6B-4B83-983F-22201682E02E} = {8D13A442-797B-4F13-AFF5-D723158E7550}
		{7FC35B49-4EB9-4A57-BEF1-8FB425809284} = {8D13A442-797B-4F13-AFF5-D723158E7550}
		{7E19A306-9E76-4A83-9744-57752DCFFFD1} = {EBB7BE8C-5A13-4502-8137-73C419F8D7BC}
		{E471A4B2-959D-425E-BF95-4B7E33914864} = {EBB7BE8C-5A13-4502-8137-73C419F8D7BC}
		{E91777DE-8F52-4C60-A553-963D21FDCE8E} = {EBB7BE8C-5A13-4502-8137-73C419F8D7BC}
		{D91716B9-F6D2-48D6-9868-B998EEB78A7C} = {EBB7BE8C-5A13-4502-8137-73C419F8D7BC}
		{8A6EC499-558B-4A43-93F3-9E09A23D4DE0} = {EBB7BE8C-5A13-4502-8137-73C419F8D7BC}
		{2F8A7613-BBF2-42AA-A20F-2695FEA02762} = {EBB7BE8C-5A13-4502-8137-73C419F8D7BC}
		{6C32E082-0A85-46E0-AF39-1A395032ECA7} = {EBB7BE8C-5A13-4502-8137-73C419F8D7BC}
		{B4CF1AFC-86BA-4DD5-AB0E-083C07F4DA0F} = {EBB7BE8C-5A13-4502-8137-73C419F8D7BC}
		{DD2F27BF-672B-4BC8-9441-0A004BAE7F58} = {EBB7BE8C-5A13-4502-8137-73C419F8D7BC}
	EndGlobalSection
	GlobalSection(ExtensibilityGlobals) = postSolution
		SolutionGuid = {A44D09BF-DF14-42D7-83E3-305C0BC86B2C}
	EndGlobalSection
EndGlobal
